{"is_source_file": false, "format": "", "description": "", "external_files": [], "external_methods": [], "published": [], "classes": [], "methods": [], "calls": [], "search-terms": ["pubspec.lock", "dart dependencies", "package dependencies", "pubspec"], "state": 2, "file_id": 52, "knowledge_revision": 194, "git_revision": "", "hash": "9d8f4a0698688889a3d6c30104c63e60", "format-version": 4, "code-base-name": "finance_frontend", "filename": "pubspec.lock", "revision_history": [{"194": ""}]}