{"is_source_file": true, "file_id": 1, "git_revision": "", "state": 1, "description": "", "external_files": [], "external_methods": [], "published": [], "classes": [], "methods": [], "calls": [], "search-terms": [], "hash": "fe4c1b17910bcf2738bc7d4ed110d086", "format-version": 4, "code-base-name": "finance_frontend", "filename": "pubspec.lock", "knowledge_revision": 2}